
Microsoft Visual Studio Solution File, Format Version 12.00
# Visual Studio Version 16
VisualStudioVersion = 16.0.29123.88
MinimumVisualStudioVersion = 10.0.40219.1
Project("{FAE04EC0-301F-11D3-BF4B-00C04F79EFBC}") = "XeroTechnicalTest", "XeroTechnicalTest.csproj", "{E42D436E-3954-4546-AF56-4B1A4106DD21}"
EndProject
Project("{2150E333-8FDC-42A3-9474-1A3956D46DE8}") = "Solution Items", "Solution Items", "{42706752-2E97-434C-9C30-4A3C9D894972}"
	ProjectSection(SolutionItems) = preProject
		readme.txt = readme.txt
	EndProjectSection
EndProject
Project("{9A19103F-16F7-4668-BE54-9A1E7A4F7556}") = "XeroTechnicalTest.Tests", "XeroTechnicalTest.Tests\XeroTechnicalTest.Tests.csproj", "{72E4F807-76C9-432B-8838-3C2779D9070C}"
EndProject
Project("{FAE04EC0-301F-11D3-BF4B-00C04F79EFBC}") = "XeroTechnicalTestLibrary", "XeroTechnicalTestLibrary\XeroTechnicalTestLibrary.csproj", "{06CF22E8-8D23-45A2-B1E8-34451154D573}"
EndProject
Global
	GlobalSection(SolutionConfigurationPlatforms) = preSolution
		Debug|Any CPU = Debug|Any CPU
		Release|Any CPU = Release|Any CPU
	EndGlobalSection
	GlobalSection(ProjectConfigurationPlatforms) = postSolution
		{E42D436E-3954-4546-AF56-4B1A4106DD21}.Debug|Any CPU.ActiveCfg = Debug|Any CPU
		{E42D436E-3954-4546-AF56-4B1A4106DD21}.Debug|Any CPU.Build.0 = Debug|Any CPU
		{E42D436E-3954-4546-AF56-4B1A4106DD21}.Release|Any CPU.ActiveCfg = Release|Any CPU
		{E42D436E-3954-4546-AF56-4B1A4106DD21}.Release|Any CPU.Build.0 = Release|Any CPU
		{72E4F807-76C9-432B-8838-3C2779D9070C}.Debug|Any CPU.ActiveCfg = Debug|Any CPU
		{72E4F807-76C9-432B-8838-3C2779D9070C}.Debug|Any CPU.Build.0 = Debug|Any CPU
		{72E4F807-76C9-432B-8838-3C2779D9070C}.Release|Any CPU.ActiveCfg = Release|Any CPU
		{72E4F807-76C9-432B-8838-3C2779D9070C}.Release|Any CPU.Build.0 = Release|Any CPU
		{06CF22E8-8D23-45A2-B1E8-34451154D573}.Debug|Any CPU.ActiveCfg = Debug|Any CPU
		{06CF22E8-8D23-45A2-B1E8-34451154D573}.Debug|Any CPU.Build.0 = Debug|Any CPU
		{06CF22E8-8D23-45A2-B1E8-34451154D573}.Release|Any CPU.ActiveCfg = Release|Any CPU
		{06CF22E8-8D23-45A2-B1E8-34451154D573}.Release|Any CPU.Build.0 = Release|Any CPU
	EndGlobalSection
	GlobalSection(SolutionProperties) = preSolution
		HideSolutionNode = FALSE
	EndGlobalSection
	GlobalSection(ExtensibilityGlobals) = postSolution
		SolutionGuid = {2DADECD8-BFEF-4978-9273-9B38AFEA09B2}
	EndGlobalSection
EndGlobal
